
Microsoft Visual Studio Solution File, Format Version 12.00
# Visual Studio Version 16
VisualStudioVersion = 16.0.29728.190
MinimumVisualStudioVersion = 10.0.40219.1
Project("{9A19103F-16F7-4668-BE54-9A1E7A4F7556}") = "Checked01", "Checked01\Checked01.csproj", "{65692816-5BCE-4400-879C-F554BD2A1BFC}"
EndProject
Project("{9A19103F-16F7-4668-BE54-9A1E7A4F7556}") = "Operation01", "Operation01\Operation01.csproj", "{3AF3085F-9215-4A6C-87A5-EA15A3515DEF}"
EndProject
Project("{9A19103F-16F7-4668-BE54-9A1E7A4F7556}") = "Switch01", "Switch01\Switch01.csproj", "{BA127EC9-88BE-455D-A9AF-3960985494C0}"
EndProject
Project("{9A19103F-16F7-4668-BE54-9A1E7A4F7556}") = "Switch02", "Switch02\Switch02.csproj", "{B87E0E37-5980-4108-A90C-745AFA2F5FA8}"
EndProject
Project("{9A19103F-16F7-4668-BE54-9A1E7A4F7556}") = "Arrays01", "Arrays01\Arrays01.csproj", "{955A8A5E-348B-43E3-AE55-0F49FA81E947}"
EndProject
Project("{9A19103F-16F7-4668-BE54-9A1E7A4F7556}") = "SystemEnum01", "SystemEnum01\SystemEnum01.csproj", "{60F3650A-687D-4823-A58A-76F21ECBD449}"
EndProject
Project("{9A19103F-16F7-4668-BE54-9A1E7A4F7556}") = "NullableTypes01", "NullableTypes01\NullableTypes01.csproj", "{3D97BA16-6752-4B0F-82FC-EA48AD34C3EA}"
EndProject
Project("{9A19103F-16F7-4668-BE54-9A1E7A4F7556}") = "NullableTypes02", "NullableTypes02\NullableTypes02.csproj", "{CD91DC25-C5FB-4C73-879B-4A50D9C07B34}"
EndProject
Project("{9A19103F-16F7-4668-BE54-9A1E7A4F7556}") = "Cortages01", "Cortages01\Cortages01.csproj", "{B9530B11-FC24-45C0-9C1D-9BE547F197EC}"
EndProject
Project("{9A19103F-16F7-4668-BE54-9A1E7A4F7556}") = "Cortages(Tuples)02", "Cortages(Tuples)02\Cortages(Tuples)02.csproj", "{1FB71D0B-E57C-4B6D-98C5-29F0ED91ADC2}"
EndProject
Project("{9A19103F-16F7-4668-BE54-9A1E7A4F7556}") = "ThisObject01", "ThisObject01\ThisObject01.csproj", "{08CEDDFE-D562-41FA-8262-737359C262B8}"
EndProject
Project("{9A19103F-16F7-4668-BE54-9A1E7A4F7556}") = "ThisLinks01", "ThisLinks01\ThisLinks01.csproj", "{71DE9261-63FF-4673-97AF-321135F0B21C}"
EndProject
Project("{9A19103F-16F7-4668-BE54-9A1E7A4F7556}") = "CtorsWithNonNesseseryArguments01", "CtorsWithNonNesseseryArguments01\CtorsWithNonNesseseryArguments01.csproj", "{6A18499F-6670-4A89-8A4E-C70CDE90ADBE}"
EndProject
Project("{9A19103F-16F7-4668-BE54-9A1E7A4F7556}") = "StaticCtor01", "StaticElements01\StaticCtor01.csproj", "{2D2E37B9-B783-4C04-B081-AFB9BA431FD5}"
EndProject
Project("{9A19103F-16F7-4668-BE54-9A1E7A4F7556}") = "StaticClass01", "StaticClass\StaticClass01.csproj", "{097F974B-8815-48FA-BE58-2D537BD8173A}"
EndProject
Project("{9A19103F-16F7-4668-BE54-9A1E7A4F7556}") = "StaticUsing01", "StaticUsing01\StaticUsing01.csproj", "{7D444108-0E8F-46A1-9DBD-F0674E98DE43}"
EndProject
Project("{9A19103F-16F7-4668-BE54-9A1E7A4F7556}") = "Property01", "Property01\Property01.csproj", "{D36E8A80-BAAB-43F5-B829-F9A35C9B7FD7}"
EndProject
Project("{9A19103F-16F7-4668-BE54-9A1E7A4F7556}") = "DataInitiliaze", "DataInitiliaze\DataInitiliaze.csproj", "{FC4618C5-152F-4F73-A31F-7CC3254F8E17}"
EndProject
Project("{9A19103F-16F7-4668-BE54-9A1E7A4F7556}") = "PartialClass01", "PartialClass01\PartialClass01.csproj", "{21AC3F3B-CB1D-4889-862A-7BA38625C07A}"
EndProject
Project("{9A19103F-16F7-4668-BE54-9A1E7A4F7556}") = "BaseCtor01", "BaseCtor01\BaseCtor01.csproj", "{C3FD8032-9C34-4233-85B0-7A5C81483EB0}"
EndProject
Project("{9A19103F-16F7-4668-BE54-9A1E7A4F7556}") = "PracticsSolution01", "PracticsSolution01\PracticsSolution01.csproj", "{E6F544A1-6E60-4248-8523-FC331EC7BF4D}"
EndProject
Project("{9A19103F-16F7-4668-BE54-9A1E7A4F7556}") = "Casting01", "Casting01\Casting01.csproj", "{FBBD6629-13C5-4765-924B-81B1B26BFDFE}"
EndProject
Project("{9A19103F-16F7-4668-BE54-9A1E7A4F7556}") = "IEnumeratorIEnumerable01", "IEnumeratorIEnumerable01\IEnumeratorIEnumerable01.csproj", "{4520B731-929E-44C4-BD79-B77E92B2C852}"
EndProject
Project("{9A19103F-16F7-4668-BE54-9A1E7A4F7556}") = "IEnumeratorIEnumerable02", "IEnumeratorIEnumerable02\IEnumeratorIEnumerable02.csproj", "{5F6736D4-7E2E-45FF-BEF2-8F1770381DB2}"
EndProject
Project("{9A19103F-16F7-4668-BE54-9A1E7A4F7556}") = "ICloneable01", "ICloneable\ICloneable01.csproj", "{E3049D21-9EE8-403E-9C08-012DCDE24D78}"
EndProject
Project("{9A19103F-16F7-4668-BE54-9A1E7A4F7556}") = "IComparable01", "IComparable01\IComparable01.csproj", "{006CB3D2-F89B-4856-A829-CC3C63E3F315}"
EndProject
Project("{9A19103F-16F7-4668-BE54-9A1E7A4F7556}") = "IComparable02", "IComparable02\IComparable02.csproj", "{16FDA438-227C-407B-88E1-429392271124}"
EndProject
Project("{9A19103F-16F7-4668-BE54-9A1E7A4F7556}") = "IComparable03", "IComparable03\IComparable03.csproj", "{C7B760B4-737C-4593-9484-CF3CD88A3570}"
EndProject
Project("{9A19103F-16F7-4668-BE54-9A1E7A4F7556}") = "SystemCollection01", "SystemCollection01\SystemCollection01.csproj", "{07295CE6-B34B-457F-8963-A95947E1DA85}"
EndProject
Project("{9A19103F-16F7-4668-BE54-9A1E7A4F7556}") = "CollectionsSpecialized01", "CollectionsSpecialized01\CollectionsSpecialized01.csproj", "{66A97877-C6F9-4027-BE1F-FC07F560FFB4}"
EndProject
Project("{9A19103F-16F7-4668-BE54-9A1E7A4F7556}") = "GenericsCollection01", "GenericsCollection01\GenericsCollection01.csproj", "{6A4D39EB-F80B-4820-9DA9-4936E9A55BD2}"
EndProject
Project("{9A19103F-16F7-4668-BE54-9A1E7A4F7556}") = "StackGeneric01", "StackGeneric01\StackGeneric01.csproj", "{132C2120-D6AE-47A6-B909-1C047B817D42}"
EndProject
Project("{9A19103F-16F7-4668-BE54-9A1E7A4F7556}") = "QueueGeneretic01", "QueueGeneretic01\QueueGeneretic01.csproj", "{AD15407F-7118-41C7-B4B0-427EFEAD81B7}"
EndProject
Project("{9A19103F-16F7-4668-BE54-9A1E7A4F7556}") = "GenrericCollectionsPractics01", "GenrericCollectionsPractics01\GenrericCollectionsPractics01.csproj", "{4773EBAD-D445-46DC-BC03-89B1A5C5D1C7}"
EndProject
Project("{9A19103F-16F7-4668-BE54-9A1E7A4F7556}") = "SortedSetCollection01", "SortedSetCollection01\SortedSetCollection01.csproj", "{3ABD124D-48E3-4EC7-A25A-81D7A145D291}"
EndProject
Project("{9A19103F-16F7-4668-BE54-9A1E7A4F7556}") = "Dictionary01", "Dictionary01\Dictionary01.csproj", "{4EA8E655-B152-48E0-BD88-4E03A7101210}"
EndProject
Project("{9A19103F-16F7-4668-BE54-9A1E7A4F7556}") = "Dictionary02", "Dictionary02\Dictionary02.csproj", "{D763E4D7-A5F2-4324-8F71-CBB7AA424BAE}"
EndProject
Project("{9A19103F-16F7-4668-BE54-9A1E7A4F7556}") = "ObservableCollection01", "ObservableCollection01\ObservableCollection01.csproj", "{EFF5F168-C4C5-4A4A-8644-0DA9B4B0CECE}"
EndProject
Project("{9A19103F-16F7-4668-BE54-9A1E7A4F7556}") = "Delegates01", "Delegates01\Delegates01.csproj", "{B5E0500F-CF8E-4E5C-9DE0-98908D6CA745}"
EndProject
Project("{9A19103F-16F7-4668-BE54-9A1E7A4F7556}") = "Delegate02", "Delegate02\Delegate02.csproj", "{46B623E9-547C-4E01-93B2-39D3EFA2DFC3}"
EndProject
Project("{9A19103F-16F7-4668-BE54-9A1E7A4F7556}") = "Delegate03", "Delegate03\Delegate03.csproj", "{8A78E55A-D859-4C0C-8799-D6A7843F5EBA}"
EndProject
Project("{9A19103F-16F7-4668-BE54-9A1E7A4F7556}") = "Delegate04", "Delegate04\Delegate04.csproj", "{3ABAE582-0DE5-42C4-BFE8-B61DB88F7385}"
EndProject
Project("{9A19103F-16F7-4668-BE54-9A1E7A4F7556}") = "Delegate05", "Delegate05\Delegate05.csproj", "{51D6D6CB-5BA5-41EC-A0AE-16A6995198F8}"
EndProject
Project("{9A19103F-16F7-4668-BE54-9A1E7A4F7556}") = "DelegateGeneric01", "DelegateGeneric01\DelegateGeneric01.csproj", "{1447626E-0AFD-4EAF-8E3B-47FFBD826235}"
EndProject
Project("{9A19103F-16F7-4668-BE54-9A1E7A4F7556}") = "DelegateAction01", "DelegateAction01\DelegateAction01.csproj", "{7B47DDF1-D0A7-4C7F-8968-3B81EAE9F5A5}"
EndProject
Project("{9A19103F-16F7-4668-BE54-9A1E7A4F7556}") = "DelegateFunc02", "DelegateAction02\DelegateFunc02.csproj", "{705ABCB8-BA70-47CD-B7B8-55D578456420}"
EndProject
Project("{9A19103F-16F7-4668-BE54-9A1E7A4F7556}") = "Event01", "Event01\Event01.csproj", "{9ABFF6B2-68DB-42CF-995C-126BEE1B7EAB}"
EndProject
Project("{9A19103F-16F7-4668-BE54-9A1E7A4F7556}") = "Event02", "Event02\Event02.csproj", "{A7FF92C0-E04A-4829-A658-9AF229B5C522}"
EndProject
Project("{9A19103F-16F7-4668-BE54-9A1E7A4F7556}") = "Event03", "Event03\Event03.csproj", "{1F86A890-6B96-4EFD-9948-91A96682FD79}"
EndProject
Project("{9A19103F-16F7-4668-BE54-9A1E7A4F7556}") = "Event04", "Event04\Event04.csproj", "{0A55FA64-3B43-4DE7-8A5E-4A169ED1FFF8}"
EndProject
Project("{FAE04EC0-301F-11D3-BF4B-00C04F79EFBC}") = "DelegatePractics01", "DelegatePractics01\DelegatePractics01.csproj", "{FEC7269A-8459-44A3-A9CE-986776B16B34}"
EndProject
Project("{FAE04EC0-301F-11D3-BF4B-00C04F79EFBC}") = "EventPractics01", "EventPractics01\EventPractics01.csproj", "{642A0C90-60C8-4A7D-A7A0-62D6B4221D8A}"
EndProject
Project("{FAE04EC0-301F-11D3-BF4B-00C04F79EFBC}") = "EventDelegate02", "EventDelegate02\EventDelegate02.csproj", "{FE797E06-967D-4C03-BBCD-229663AFBE62}"
EndProject
Project("{FAE04EC0-301F-11D3-BF4B-00C04F79EFBC}") = "Event05", "Event05\Event05.csproj", "{6EAFC088-AB02-41EF-90EB-9AEA977AD005}"
EndProject
Global
	GlobalSection(SolutionConfigurationPlatforms) = preSolution
		Debug|Any CPU = Debug|Any CPU
		Release|Any CPU = Release|Any CPU
	EndGlobalSection
	GlobalSection(ProjectConfigurationPlatforms) = postSolution
		{65692816-5BCE-4400-879C-F554BD2A1BFC}.Debug|Any CPU.ActiveCfg = Debug|Any CPU
		{65692816-5BCE-4400-879C-F554BD2A1BFC}.Debug|Any CPU.Build.0 = Debug|Any CPU
		{65692816-5BCE-4400-879C-F554BD2A1BFC}.Release|Any CPU.ActiveCfg = Release|Any CPU
		{65692816-5BCE-4400-879C-F554BD2A1BFC}.Release|Any CPU.Build.0 = Release|Any CPU
		{3AF3085F-9215-4A6C-87A5-EA15A3515DEF}.Debug|Any CPU.ActiveCfg = Debug|Any CPU
		{3AF3085F-9215-4A6C-87A5-EA15A3515DEF}.Debug|Any CPU.Build.0 = Debug|Any CPU
		{3AF3085F-9215-4A6C-87A5-EA15A3515DEF}.Release|Any CPU.ActiveCfg = Release|Any CPU
		{3AF3085F-9215-4A6C-87A5-EA15A3515DEF}.Release|Any CPU.Build.0 = Release|Any CPU
		{BA127EC9-88BE-455D-A9AF-3960985494C0}.Debug|Any CPU.ActiveCfg = Debug|Any CPU
		{BA127EC9-88BE-455D-A9AF-3960985494C0}.Debug|Any CPU.Build.0 = Debug|Any CPU
		{BA127EC9-88BE-455D-A9AF-3960985494C0}.Release|Any CPU.ActiveCfg = Release|Any CPU
		{BA127EC9-88BE-455D-A9AF-3960985494C0}.Release|Any CPU.Build.0 = Release|Any CPU
		{B87E0E37-5980-4108-A90C-745AFA2F5FA8}.Debug|Any CPU.ActiveCfg = Debug|Any CPU
		{B87E0E37-5980-4108-A90C-745AFA2F5FA8}.Debug|Any CPU.Build.0 = Debug|Any CPU
		{B87E0E37-5980-4108-A90C-745AFA2F5FA8}.Release|Any CPU.ActiveCfg = Release|Any CPU
		{B87E0E37-5980-4108-A90C-745AFA2F5FA8}.Release|Any CPU.Build.0 = Release|Any CPU
		{955A8A5E-348B-43E3-AE55-0F49FA81E947}.Debug|Any CPU.ActiveCfg = Debug|Any CPU
		{955A8A5E-348B-43E3-AE55-0F49FA81E947}.Debug|Any CPU.Build.0 = Debug|Any CPU
		{955A8A5E-348B-43E3-AE55-0F49FA81E947}.Release|Any CPU.ActiveCfg = Release|Any CPU
		{955A8A5E-348B-43E3-AE55-0F49FA81E947}.Release|Any CPU.Build.0 = Release|Any CPU
		{60F3650A-687D-4823-A58A-76F21ECBD449}.Debug|Any CPU.ActiveCfg = Debug|Any CPU
		{60F3650A-687D-4823-A58A-76F21ECBD449}.Debug|Any CPU.Build.0 = Debug|Any CPU
		{60F3650A-687D-4823-A58A-76F21ECBD449}.Release|Any CPU.ActiveCfg = Release|Any CPU
		{60F3650A-687D-4823-A58A-76F21ECBD449}.Release|Any CPU.Build.0 = Release|Any CPU
		{3D97BA16-6752-4B0F-82FC-EA48AD34C3EA}.Debug|Any CPU.ActiveCfg = Debug|Any CPU
		{3D97BA16-6752-4B0F-82FC-EA48AD34C3EA}.Debug|Any CPU.Build.0 = Debug|Any CPU
		{3D97BA16-6752-4B0F-82FC-EA48AD34C3EA}.Release|Any CPU.ActiveCfg = Release|Any CPU
		{3D97BA16-6752-4B0F-82FC-EA48AD34C3EA}.Release|Any CPU.Build.0 = Release|Any CPU
		{CD91DC25-C5FB-4C73-879B-4A50D9C07B34}.Debug|Any CPU.ActiveCfg = Debug|Any CPU
		{CD91DC25-C5FB-4C73-879B-4A50D9C07B34}.Debug|Any CPU.Build.0 = Debug|Any CPU
		{CD91DC25-C5FB-4C73-879B-4A50D9C07B34}.Release|Any CPU.ActiveCfg = Release|Any CPU
		{CD91DC25-C5FB-4C73-879B-4A50D9C07B34}.Release|Any CPU.Build.0 = Release|Any CPU
		{B9530B11-FC24-45C0-9C1D-9BE547F197EC}.Debug|Any CPU.ActiveCfg = Debug|Any CPU
		{B9530B11-FC24-45C0-9C1D-9BE547F197EC}.Debug|Any CPU.Build.0 = Debug|Any CPU
		{B9530B11-FC24-45C0-9C1D-9BE547F197EC}.Release|Any CPU.ActiveCfg = Release|Any CPU
		{B9530B11-FC24-45C0-9C1D-9BE547F197EC}.Release|Any CPU.Build.0 = Release|Any CPU
		{1FB71D0B-E57C-4B6D-98C5-29F0ED91ADC2}.Debug|Any CPU.ActiveCfg = Debug|Any CPU
		{1FB71D0B-E57C-4B6D-98C5-29F0ED91ADC2}.Debug|Any CPU.Build.0 = Debug|Any CPU
		{1FB71D0B-E57C-4B6D-98C5-29F0ED91ADC2}.Release|Any CPU.ActiveCfg = Release|Any CPU
		{1FB71D0B-E57C-4B6D-98C5-29F0ED91ADC2}.Release|Any CPU.Build.0 = Release|Any CPU
		{08CEDDFE-D562-41FA-8262-737359C262B8}.Debug|Any CPU.ActiveCfg = Debug|Any CPU
		{08CEDDFE-D562-41FA-8262-737359C262B8}.Debug|Any CPU.Build.0 = Debug|Any CPU
		{08CEDDFE-D562-41FA-8262-737359C262B8}.Release|Any CPU.ActiveCfg = Release|Any CPU
		{08CEDDFE-D562-41FA-8262-737359C262B8}.Release|Any CPU.Build.0 = Release|Any CPU
		{71DE9261-63FF-4673-97AF-321135F0B21C}.Debug|Any CPU.ActiveCfg = Debug|Any CPU
		{71DE9261-63FF-4673-97AF-321135F0B21C}.Debug|Any CPU.Build.0 = Debug|Any CPU
		{71DE9261-63FF-4673-97AF-321135F0B21C}.Release|Any CPU.ActiveCfg = Release|Any CPU
		{71DE9261-63FF-4673-97AF-321135F0B21C}.Release|Any CPU.Build.0 = Release|Any CPU
		{6A18499F-6670-4A89-8A4E-C70CDE90ADBE}.Debug|Any CPU.ActiveCfg = Debug|Any CPU
		{6A18499F-6670-4A89-8A4E-C70CDE90ADBE}.Debug|Any CPU.Build.0 = Debug|Any CPU
		{6A18499F-6670-4A89-8A4E-C70CDE90ADBE}.Release|Any CPU.ActiveCfg = Release|Any CPU
		{6A18499F-6670-4A89-8A4E-C70CDE90ADBE}.Release|Any CPU.Build.0 = Release|Any CPU
		{2D2E37B9-B783-4C04-B081-AFB9BA431FD5}.Debug|Any CPU.ActiveCfg = Debug|Any CPU
		{2D2E37B9-B783-4C04-B081-AFB9BA431FD5}.Debug|Any CPU.Build.0 = Debug|Any CPU
		{2D2E37B9-B783-4C04-B081-AFB9BA431FD5}.Release|Any CPU.ActiveCfg = Release|Any CPU
		{2D2E37B9-B783-4C04-B081-AFB9BA431FD5}.Release|Any CPU.Build.0 = Release|Any CPU
		{097F974B-8815-48FA-BE58-2D537BD8173A}.Debug|Any CPU.ActiveCfg = Debug|Any CPU
		{097F974B-8815-48FA-BE58-2D537BD8173A}.Debug|Any CPU.Build.0 = Debug|Any CPU
		{097F974B-8815-48FA-BE58-2D537BD8173A}.Release|Any CPU.ActiveCfg = Release|Any CPU
		{097F974B-8815-48FA-BE58-2D537BD8173A}.Release|Any CPU.Build.0 = Release|Any CPU
		{7D444108-0E8F-46A1-9DBD-F0674E98DE43}.Debug|Any CPU.ActiveCfg = Debug|Any CPU
		{7D444108-0E8F-46A1-9DBD-F0674E98DE43}.Debug|Any CPU.Build.0 = Debug|Any CPU
		{7D444108-0E8F-46A1-9DBD-F0674E98DE43}.Release|Any CPU.ActiveCfg = Release|Any CPU
		{7D444108-0E8F-46A1-9DBD-F0674E98DE43}.Release|Any CPU.Build.0 = Release|Any CPU
		{D36E8A80-BAAB-43F5-B829-F9A35C9B7FD7}.Debug|Any CPU.ActiveCfg = Debug|Any CPU
		{D36E8A80-BAAB-43F5-B829-F9A35C9B7FD7}.Debug|Any CPU.Build.0 = Debug|Any CPU
		{D36E8A80-BAAB-43F5-B829-F9A35C9B7FD7}.Release|Any CPU.ActiveCfg = Release|Any CPU
		{D36E8A80-BAAB-43F5-B829-F9A35C9B7FD7}.Release|Any CPU.Build.0 = Release|Any CPU
		{FC4618C5-152F-4F73-A31F-7CC3254F8E17}.Debug|Any CPU.ActiveCfg = Debug|Any CPU
		{FC4618C5-152F-4F73-A31F-7CC3254F8E17}.Debug|Any CPU.Build.0 = Debug|Any CPU
		{FC4618C5-152F-4F73-A31F-7CC3254F8E17}.Release|Any CPU.ActiveCfg = Release|Any CPU
		{FC4618C5-152F-4F73-A31F-7CC3254F8E17}.Release|Any CPU.Build.0 = Release|Any CPU
		{21AC3F3B-CB1D-4889-862A-7BA38625C07A}.Debug|Any CPU.ActiveCfg = Debug|Any CPU
		{21AC3F3B-CB1D-4889-862A-7BA38625C07A}.Debug|Any CPU.Build.0 = Debug|Any CPU
		{21AC3F3B-CB1D-4889-862A-7BA38625C07A}.Release|Any CPU.ActiveCfg = Release|Any CPU
		{21AC3F3B-CB1D-4889-862A-7BA38625C07A}.Release|Any CPU.Build.0 = Release|Any CPU
		{C3FD8032-9C34-4233-85B0-7A5C81483EB0}.Debug|Any CPU.ActiveCfg = Debug|Any CPU
		{C3FD8032-9C34-4233-85B0-7A5C81483EB0}.Debug|Any CPU.Build.0 = Debug|Any CPU
		{C3FD8032-9C34-4233-85B0-7A5C81483EB0}.Release|Any CPU.ActiveCfg = Release|Any CPU
		{C3FD8032-9C34-4233-85B0-7A5C81483EB0}.Release|Any CPU.Build.0 = Release|Any CPU
		{E6F544A1-6E60-4248-8523-FC331EC7BF4D}.Debug|Any CPU.ActiveCfg = Debug|Any CPU
		{E6F544A1-6E60-4248-8523-FC331EC7BF4D}.Debug|Any CPU.Build.0 = Debug|Any CPU
		{E6F544A1-6E60-4248-8523-FC331EC7BF4D}.Release|Any CPU.ActiveCfg = Release|Any CPU
		{E6F544A1-6E60-4248-8523-FC331EC7BF4D}.Release|Any CPU.Build.0 = Release|Any CPU
		{FBBD6629-13C5-4765-924B-81B1B26BFDFE}.Debug|Any CPU.ActiveCfg = Debug|Any CPU
		{FBBD6629-13C5-4765-924B-81B1B26BFDFE}.Debug|Any CPU.Build.0 = Debug|Any CPU
		{FBBD6629-13C5-4765-924B-81B1B26BFDFE}.Release|Any CPU.ActiveCfg = Release|Any CPU
		{FBBD6629-13C5-4765-924B-81B1B26BFDFE}.Release|Any CPU.Build.0 = Release|Any CPU
		{4520B731-929E-44C4-BD79-B77E92B2C852}.Debug|Any CPU.ActiveCfg = Debug|Any CPU
		{4520B731-929E-44C4-BD79-B77E92B2C852}.Debug|Any CPU.Build.0 = Debug|Any CPU
		{4520B731-929E-44C4-BD79-B77E92B2C852}.Release|Any CPU.ActiveCfg = Release|Any CPU
		{4520B731-929E-44C4-BD79-B77E92B2C852}.Release|Any CPU.Build.0 = Release|Any CPU
		{5F6736D4-7E2E-45FF-BEF2-8F1770381DB2}.Debug|Any CPU.ActiveCfg = Debug|Any CPU
		{5F6736D4-7E2E-45FF-BEF2-8F1770381DB2}.Debug|Any CPU.Build.0 = Debug|Any CPU
		{5F6736D4-7E2E-45FF-BEF2-8F1770381DB2}.Release|Any CPU.ActiveCfg = Release|Any CPU
		{5F6736D4-7E2E-45FF-BEF2-8F1770381DB2}.Release|Any CPU.Build.0 = Release|Any CPU
		{E3049D21-9EE8-403E-9C08-012DCDE24D78}.Debug|Any CPU.ActiveCfg = Debug|Any CPU
		{E3049D21-9EE8-403E-9C08-012DCDE24D78}.Debug|Any CPU.Build.0 = Debug|Any CPU
		{E3049D21-9EE8-403E-9C08-012DCDE24D78}.Release|Any CPU.ActiveCfg = Release|Any CPU
		{E3049D21-9EE8-403E-9C08-012DCDE24D78}.Release|Any CPU.Build.0 = Release|Any CPU
		{006CB3D2-F89B-4856-A829-CC3C63E3F315}.Debug|Any CPU.ActiveCfg = Debug|Any CPU
		{006CB3D2-F89B-4856-A829-CC3C63E3F315}.Debug|Any CPU.Build.0 = Debug|Any CPU
		{006CB3D2-F89B-4856-A829-CC3C63E3F315}.Release|Any CPU.ActiveCfg = Release|Any CPU
		{006CB3D2-F89B-4856-A829-CC3C63E3F315}.Release|Any CPU.Build.0 = Release|Any CPU
		{16FDA438-227C-407B-88E1-429392271124}.Debug|Any CPU.ActiveCfg = Debug|Any CPU
		{16FDA438-227C-407B-88E1-429392271124}.Debug|Any CPU.Build.0 = Debug|Any CPU
		{16FDA438-227C-407B-88E1-429392271124}.Release|Any CPU.ActiveCfg = Release|Any CPU
		{16FDA438-227C-407B-88E1-429392271124}.Release|Any CPU.Build.0 = Release|Any CPU
		{C7B760B4-737C-4593-9484-CF3CD88A3570}.Debug|Any CPU.ActiveCfg = Debug|Any CPU
		{C7B760B4-737C-4593-9484-CF3CD88A3570}.Debug|Any CPU.Build.0 = Debug|Any CPU
		{C7B760B4-737C-4593-9484-CF3CD88A3570}.Release|Any CPU.ActiveCfg = Release|Any CPU
		{C7B760B4-737C-4593-9484-CF3CD88A3570}.Release|Any CPU.Build.0 = Release|Any CPU
		{07295CE6-B34B-457F-8963-A95947E1DA85}.Debug|Any CPU.ActiveCfg = Debug|Any CPU
		{07295CE6-B34B-457F-8963-A95947E1DA85}.Debug|Any CPU.Build.0 = Debug|Any CPU
		{07295CE6-B34B-457F-8963-A95947E1DA85}.Release|Any CPU.ActiveCfg = Release|Any CPU
		{07295CE6-B34B-457F-8963-A95947E1DA85}.Release|Any CPU.Build.0 = Release|Any CPU
		{66A97877-C6F9-4027-BE1F-FC07F560FFB4}.Debug|Any CPU.ActiveCfg = Debug|Any CPU
		{66A97877-C6F9-4027-BE1F-FC07F560FFB4}.Debug|Any CPU.Build.0 = Debug|Any CPU
		{66A97877-C6F9-4027-BE1F-FC07F560FFB4}.Release|Any CPU.ActiveCfg = Release|Any CPU
		{66A97877-C6F9-4027-BE1F-FC07F560FFB4}.Release|Any CPU.Build.0 = Release|Any CPU
		{6A4D39EB-F80B-4820-9DA9-4936E9A55BD2}.Debug|Any CPU.ActiveCfg = Debug|Any CPU
		{6A4D39EB-F80B-4820-9DA9-4936E9A55BD2}.Debug|Any CPU.Build.0 = Debug|Any CPU
		{6A4D39EB-F80B-4820-9DA9-4936E9A55BD2}.Release|Any CPU.ActiveCfg = Release|Any CPU
		{6A4D39EB-F80B-4820-9DA9-4936E9A55BD2}.Release|Any CPU.Build.0 = Release|Any CPU
		{132C2120-D6AE-47A6-B909-1C047B817D42}.Debug|Any CPU.ActiveCfg = Debug|Any CPU
		{132C2120-D6AE-47A6-B909-1C047B817D42}.Debug|Any CPU.Build.0 = Debug|Any CPU
		{132C2120-D6AE-47A6-B909-1C047B817D42}.Release|Any CPU.ActiveCfg = Release|Any CPU
		{132C2120-D6AE-47A6-B909-1C047B817D42}.Release|Any CPU.Build.0 = Release|Any CPU
		{AD15407F-7118-41C7-B4B0-427EFEAD81B7}.Debug|Any CPU.ActiveCfg = Debug|Any CPU
		{AD15407F-7118-41C7-B4B0-427EFEAD81B7}.Debug|Any CPU.Build.0 = Debug|Any CPU
		{AD15407F-7118-41C7-B4B0-427EFEAD81B7}.Release|Any CPU.ActiveCfg = Release|Any CPU
		{AD15407F-7118-41C7-B4B0-427EFEAD81B7}.Release|Any CPU.Build.0 = Release|Any CPU
		{4773EBAD-D445-46DC-BC03-89B1A5C5D1C7}.Debug|Any CPU.ActiveCfg = Debug|Any CPU
		{4773EBAD-D445-46DC-BC03-89B1A5C5D1C7}.Debug|Any CPU.Build.0 = Debug|Any CPU
		{4773EBAD-D445-46DC-BC03-89B1A5C5D1C7}.Release|Any CPU.ActiveCfg = Release|Any CPU
		{4773EBAD-D445-46DC-BC03-89B1A5C5D1C7}.Release|Any CPU.Build.0 = Release|Any CPU
		{3ABD124D-48E3-4EC7-A25A-81D7A145D291}.Debug|Any CPU.ActiveCfg = Debug|Any CPU
		{3ABD124D-48E3-4EC7-A25A-81D7A145D291}.Debug|Any CPU.Build.0 = Debug|Any CPU
		{3ABD124D-48E3-4EC7-A25A-81D7A145D291}.Release|Any CPU.ActiveCfg = Release|Any CPU
		{3ABD124D-48E3-4EC7-A25A-81D7A145D291}.Release|Any CPU.Build.0 = Release|Any CPU
		{4EA8E655-B152-48E0-BD88-4E03A7101210}.Debug|Any CPU.ActiveCfg = Debug|Any CPU
		{4EA8E655-B152-48E0-BD88-4E03A7101210}.Debug|Any CPU.Build.0 = Debug|Any CPU
		{4EA8E655-B152-48E0-BD88-4E03A7101210}.Release|Any CPU.ActiveCfg = Release|Any CPU
		{4EA8E655-B152-48E0-BD88-4E03A7101210}.Release|Any CPU.Build.0 = Release|Any CPU
		{D763E4D7-A5F2-4324-8F71-CBB7AA424BAE}.Debug|Any CPU.ActiveCfg = Debug|Any CPU
		{D763E4D7-A5F2-4324-8F71-CBB7AA424BAE}.Debug|Any CPU.Build.0 = Debug|Any CPU
		{D763E4D7-A5F2-4324-8F71-CBB7AA424BAE}.Release|Any CPU.ActiveCfg = Release|Any CPU
		{D763E4D7-A5F2-4324-8F71-CBB7AA424BAE}.Release|Any CPU.Build.0 = Release|Any CPU
		{EFF5F168-C4C5-4A4A-8644-0DA9B4B0CECE}.Debug|Any CPU.ActiveCfg = Debug|Any CPU
		{EFF5F168-C4C5-4A4A-8644-0DA9B4B0CECE}.Debug|Any CPU.Build.0 = Debug|Any CPU
		{EFF5F168-C4C5-4A4A-8644-0DA9B4B0CECE}.Release|Any CPU.ActiveCfg = Release|Any CPU
		{EFF5F168-C4C5-4A4A-8644-0DA9B4B0CECE}.Release|Any CPU.Build.0 = Release|Any CPU
		{B5E0500F-CF8E-4E5C-9DE0-98908D6CA745}.Debug|Any CPU.ActiveCfg = Debug|Any CPU
		{B5E0500F-CF8E-4E5C-9DE0-98908D6CA745}.Debug|Any CPU.Build.0 = Debug|Any CPU
		{B5E0500F-CF8E-4E5C-9DE0-98908D6CA745}.Release|Any CPU.ActiveCfg = Release|Any CPU
		{B5E0500F-CF8E-4E5C-9DE0-98908D6CA745}.Release|Any CPU.Build.0 = Release|Any CPU
		{46B623E9-547C-4E01-93B2-39D3EFA2DFC3}.Debug|Any CPU.ActiveCfg = Debug|Any CPU
		{46B623E9-547C-4E01-93B2-39D3EFA2DFC3}.Debug|Any CPU.Build.0 = Debug|Any CPU
		{46B623E9-547C-4E01-93B2-39D3EFA2DFC3}.Release|Any CPU.ActiveCfg = Release|Any CPU
		{46B623E9-547C-4E01-93B2-39D3EFA2DFC3}.Release|Any CPU.Build.0 = Release|Any CPU
		{8A78E55A-D859-4C0C-8799-D6A7843F5EBA}.Debug|Any CPU.ActiveCfg = Debug|Any CPU
		{8A78E55A-D859-4C0C-8799-D6A7843F5EBA}.Debug|Any CPU.Build.0 = Debug|Any CPU
		{8A78E55A-D859-4C0C-8799-D6A7843F5EBA}.Release|Any CPU.ActiveCfg = Release|Any CPU
		{8A78E55A-D859-4C0C-8799-D6A7843F5EBA}.Release|Any CPU.Build.0 = Release|Any CPU
		{3ABAE582-0DE5-42C4-BFE8-B61DB88F7385}.Debug|Any CPU.ActiveCfg = Debug|Any CPU
		{3ABAE582-0DE5-42C4-BFE8-B61DB88F7385}.Debug|Any CPU.Build.0 = Debug|Any CPU
		{3ABAE582-0DE5-42C4-BFE8-B61DB88F7385}.Release|Any CPU.ActiveCfg = Release|Any CPU
		{3ABAE582-0DE5-42C4-BFE8-B61DB88F7385}.Release|Any CPU.Build.0 = Release|Any CPU
		{51D6D6CB-5BA5-41EC-A0AE-16A6995198F8}.Debug|Any CPU.ActiveCfg = Debug|Any CPU
		{51D6D6CB-5BA5-41EC-A0AE-16A6995198F8}.Debug|Any CPU.Build.0 = Debug|Any CPU
		{51D6D6CB-5BA5-41EC-A0AE-16A6995198F8}.Release|Any CPU.ActiveCfg = Release|Any CPU
		{51D6D6CB-5BA5-41EC-A0AE-16A6995198F8}.Release|Any CPU.Build.0 = Release|Any CPU
		{1447626E-0AFD-4EAF-8E3B-47FFBD826235}.Debug|Any CPU.ActiveCfg = Debug|Any CPU
		{1447626E-0AFD-4EAF-8E3B-47FFBD826235}.Debug|Any CPU.Build.0 = Debug|Any CPU
		{1447626E-0AFD-4EAF-8E3B-47FFBD826235}.Release|Any CPU.ActiveCfg = Release|Any CPU
		{1447626E-0AFD-4EAF-8E3B-47FFBD826235}.Release|Any CPU.Build.0 = Release|Any CPU
		{7B47DDF1-D0A7-4C7F-8968-3B81EAE9F5A5}.Debug|Any CPU.ActiveCfg = Debug|Any CPU
		{7B47DDF1-D0A7-4C7F-8968-3B81EAE9F5A5}.Debug|Any CPU.Build.0 = Debug|Any CPU
		{7B47DDF1-D0A7-4C7F-8968-3B81EAE9F5A5}.Release|Any CPU.ActiveCfg = Release|Any CPU
		{7B47DDF1-D0A7-4C7F-8968-3B81EAE9F5A5}.Release|Any CPU.Build.0 = Release|Any CPU
		{705ABCB8-BA70-47CD-B7B8-55D578456420}.Debug|Any CPU.ActiveCfg = Debug|Any CPU
		{705ABCB8-BA70-47CD-B7B8-55D578456420}.Debug|Any CPU.Build.0 = Debug|Any CPU
		{705ABCB8-BA70-47CD-B7B8-55D578456420}.Release|Any CPU.ActiveCfg = Release|Any CPU
		{705ABCB8-BA70-47CD-B7B8-55D578456420}.Release|Any CPU.Build.0 = Release|Any CPU
		{9ABFF6B2-68DB-42CF-995C-126BEE1B7EAB}.Debug|Any CPU.ActiveCfg = Debug|Any CPU
		{9ABFF6B2-68DB-42CF-995C-126BEE1B7EAB}.Debug|Any CPU.Build.0 = Debug|Any CPU
		{9ABFF6B2-68DB-42CF-995C-126BEE1B7EAB}.Release|Any CPU.ActiveCfg = Release|Any CPU
		{9ABFF6B2-68DB-42CF-995C-126BEE1B7EAB}.Release|Any CPU.Build.0 = Release|Any CPU
		{A7FF92C0-E04A-4829-A658-9AF229B5C522}.Debug|Any CPU.ActiveCfg = Debug|Any CPU
		{A7FF92C0-E04A-4829-A658-9AF229B5C522}.Debug|Any CPU.Build.0 = Debug|Any CPU
		{A7FF92C0-E04A-4829-A658-9AF229B5C522}.Release|Any CPU.ActiveCfg = Release|Any CPU
		{A7FF92C0-E04A-4829-A658-9AF229B5C522}.Release|Any CPU.Build.0 = Release|Any CPU
		{1F86A890-6B96-4EFD-9948-91A96682FD79}.Debug|Any CPU.ActiveCfg = Debug|Any CPU
		{1F86A890-6B96-4EFD-9948-91A96682FD79}.Debug|Any CPU.Build.0 = Debug|Any CPU
		{1F86A890-6B96-4EFD-9948-91A96682FD79}.Release|Any CPU.ActiveCfg = Release|Any CPU
		{1F86A890-6B96-4EFD-9948-91A96682FD79}.Release|Any CPU.Build.0 = Release|Any CPU
		{0A55FA64-3B43-4DE7-8A5E-4A169ED1FFF8}.Debug|Any CPU.ActiveCfg = Debug|Any CPU
		{0A55FA64-3B43-4DE7-8A5E-4A169ED1FFF8}.Debug|Any CPU.Build.0 = Debug|Any CPU
		{0A55FA64-3B43-4DE7-8A5E-4A169ED1FFF8}.Release|Any CPU.ActiveCfg = Release|Any CPU
		{0A55FA64-3B43-4DE7-8A5E-4A169ED1FFF8}.Release|Any CPU.Build.0 = Release|Any CPU
		{FEC7269A-8459-44A3-A9CE-986776B16B34}.Debug|Any CPU.ActiveCfg = Debug|Any CPU
		{FEC7269A-8459-44A3-A9CE-986776B16B34}.Debug|Any CPU.Build.0 = Debug|Any CPU
		{FEC7269A-8459-44A3-A9CE-986776B16B34}.Release|Any CPU.ActiveCfg = Release|Any CPU
		{FEC7269A-8459-44A3-A9CE-986776B16B34}.Release|Any CPU.Build.0 = Release|Any CPU
		{642A0C90-60C8-4A7D-A7A0-62D6B4221D8A}.Debug|Any CPU.ActiveCfg = Debug|Any CPU
		{642A0C90-60C8-4A7D-A7A0-62D6B4221D8A}.Debug|Any CPU.Build.0 = Debug|Any CPU
		{642A0C90-60C8-4A7D-A7A0-62D6B4221D8A}.Release|Any CPU.ActiveCfg = Release|Any CPU
		{642A0C90-60C8-4A7D-A7A0-62D6B4221D8A}.Release|Any CPU.Build.0 = Release|Any CPU
		{FE797E06-967D-4C03-BBCD-229663AFBE62}.Debug|Any CPU.ActiveCfg = Debug|Any CPU
		{FE797E06-967D-4C03-BBCD-229663AFBE62}.Debug|Any CPU.Build.0 = Debug|Any CPU
		{FE797E06-967D-4C03-BBCD-229663AFBE62}.Release|Any CPU.ActiveCfg = Release|Any CPU
		{FE797E06-967D-4C03-BBCD-229663AFBE62}.Release|Any CPU.Build.0 = Release|Any CPU
		{6EAFC088-AB02-41EF-90EB-9AEA977AD005}.Debug|Any CPU.ActiveCfg = Debug|Any CPU
		{6EAFC088-AB02-41EF-90EB-9AEA977AD005}.Debug|Any CPU.Build.0 = Debug|Any CPU
		{6EAFC088-AB02-41EF-90EB-9AEA977AD005}.Release|Any CPU.ActiveCfg = Release|Any CPU
		{6EAFC088-AB02-41EF-90EB-9AEA977AD005}.Release|Any CPU.Build.0 = Release|Any CPU
	EndGlobalSection
	GlobalSection(SolutionProperties) = preSolution
		HideSolutionNode = FALSE
	EndGlobalSection
	GlobalSection(ExtensibilityGlobals) = postSolution
		SolutionGuid = {3D920753-9C38-4811-AECE-DEF8C3E19E9B}
	EndGlobalSection
EndGlobal
